// !$*UTF8*$!
{
	archiveVersion = 1;
	classes = {
	};
	objectVersion = 56;
	objects = {

/* Begin PBXBuildFile section */
		EF05F715299C969F008D1D67 /* ImageDetailsCollectionViewCell.swift in Sources */ = {isa = PBXBuildFile; fileRef = EF05F714299C969F008D1D67 /* ImageDetailsCollectionViewCell.swift */; };
		EF05F717299C97BB008D1D67 /* ImageDetailsViewController.swift in Sources */ = {isa = PBXBuildFile; fileRef = EF05F716299C97BB008D1D67 /* ImageDetailsViewController.swift */; };
		EF5AC797299B6348001A8BCD /* AppDelegate.swift in Sources */ = {isa = PBXBuildFile; fileRef = EF5AC796299B6348001A8BCD /* AppDelegate.swift */; };
		EF5AC799299B6348001A8BCD /* SceneDelegate.swift in Sources */ = {isa = PBXBuildFile; fileRef = EF5AC798299B6348001A8BCD /* SceneDelegate.swift */; };
		EF5AC79B299B6348001A8BCD /* ViewController.swift in Sources */ = {isa = PBXBuildFile; fileRef = EF5AC79A299B6348001A8BCD /* ViewController.swift */; };
		EF5AC79E299B6348001A8BCD /* Main.storyboard in Resources */ = {isa = PBXBuildFile; fileRef = EF5AC79C299B6348001A8BCD /* Main.storyboard */; };
		EF5AC7A0299B6349001A8BCD /* Assets.xcassets in Resources */ = {isa = PBXBuildFile; fileRef = EF5AC79F299B6349001A8BCD /* Assets.xcassets */; };
		EF5AC7A3299B6349001A8BCD /* LaunchScreen.storyboard in Resources */ = {isa = PBXBuildFile; fileRef = EF5AC7A1299B6349001A8BCD /* LaunchScreen.storyboard */; };
		EF5AC7AB299B78C5001A8BCD /* DownloadImages.swift in Sources */ = {isa = PBXBuildFile; fileRef = EF5AC7AA299B78C5001A8BCD /* DownloadImages.swift */; };
		EF5AC7AD299B7B38001A8BCD /* myCollectionViewCell.swift in Sources */ = {isa = PBXBuildFile; fileRef = EF5AC7AC299B7B38001A8BCD /* myCollectionViewCell.swift */; };
/* End PBXBuildFile section */

/* Begin PBXFileReference section */
		EF05F714299C969F008D1D67 /* ImageDetailsCollectionViewCell.swift */ = {isa = PBXFileReference; lastKnownFileType = sourcecode.swift; path = ImageDetailsCollectionViewCell.swift; sourceTree = "<group>"; };
		EF05F716299C97BB008D1D67 /* ImageDetailsViewController.swift */ = {isa = PBXFileReference; lastKnownFileType = sourcecode.swift; path = ImageDetailsViewController.swift; sourceTree = "<group>"; };
		EF5AC793299B6348001A8BCD /* ImageGalleryApp.app */ = {isa = PBXFileReference; explicitFileType = wrapper.application; includeInIndex = 0; path = ImageGalleryApp.app; sourceTree = BUILT_PRODUCTS_DIR; };
		EF5AC796299B6348001A8BCD /* AppDelegate.swift */ = {isa = PBXFileReference; lastKnownFileType = sourcecode.swift; path = AppDelegate.swift; sourceTree = "<group>"; };
		EF5AC798299B6348001A8BCD /* SceneDelegate.swift */ = {isa = PBXFileReference; lastKnownFileType = sourcecode.swift; path = SceneDelegate.swift; sourceTree = "<group>"; };
		EF5AC79A299B6348001A8BCD /* ViewController.swift */ = {isa = PBXFileReference; lastKnownFileType = sourcecode.swift; path = ViewController.swift; sourceTree = "<group>"; };
		EF5AC79D299B6348001A8BCD /* Base */ = {isa = PBXFileReference; lastKnownFileType = file.storyboard; name = Base; path = Base.lproj/Main.storyboard; sourceTree = "<group>"; };
		EF5AC79F299B6349001A8BCD /* Assets.xcassets */ = {isa = PBXFileReference; lastKnownFileType = folder.assetcatalog; path = Assets.xcassets; sourceTree = "<group>"; };
		EF5AC7A2299B6349001A8BCD /* Base */ = {isa = PBXFileReference; lastKnownFileType = file.storyboard; name = Base; path = Base.lproj/LaunchScreen.storyboard; sourceTree = "<group>"; };
		EF5AC7A4299B6349001A8BCD /* Info.plist */ = {isa = PBXFileReference; lastKnownFileType = text.plist.xml; path = Info.plist; sourceTree = "<group>"; };
		EF5AC7AA299B78C5001A8BCD /* DownloadImages.swift */ = {isa = PBXFileReference; lastKnownFileType = sourcecode.swift; path = DownloadImages.swift; sourceTree = "<group>"; };
		EF5AC7AC299B7B38001A8BCD /* myCollectionViewCell.swift */ = {isa = PBXFileReference; lastKnownFileType = sourcecode.swift; path = myCollectionViewCell.swift; sourceTree = "<group>"; };
/* End PBXFileReference section */

/* Begin PBXFrameworksBuildPhase section */
		EF5AC790299B6348001A8BCD /* Frameworks */ = {
			isa = PBXFrameworksBuildPhase;
			buildActionMask = 2147483647;
			files = (
			);
			runOnlyForDeploymentPostprocessing = 0;
		};
/* End PBXFrameworksBuildPhase section */

/* Begin PBXGroup section */
		EF5AC78A299B6348001A8BCD = {
			isa = PBXGroup;
			children = (
				EF5AC795299B6348001A8BCD /* ImageGalleryApp */,
				EF5AC794299B6348001A8BCD /* Products */,
			);
			sourceTree = "<group>";
		};
		EF5AC794299B6348001A8BCD /* Products */ = {
			isa = PBXGroup;
			children = (
				EF5AC793299B6348001A8BCD /* ImageGalleryApp.app */,
			);
			name = Products;
			sourceTree = "<group>";
		};
		EF5AC795299B6348001A8BCD /* ImageGalleryApp */ = {
			isa = PBXGroup;
			children = (
				EF5AC796299B6348001A8BCD /* AppDelegate.swift */,
				EF5AC798299B6348001A8BCD /* SceneDelegate.swift */,
				EF5AC79A299B6348001A8BCD /* ViewController.swift */,
				EF5AC7AA299B78C5001A8BCD /* DownloadImages.swift */,
				EF5AC79C299B6348001A8BCD /* Main.storyboard */,
				EF05F716299C97BB008D1D67 /* ImageDetailsViewController.swift */,
				EF05F714299C969F008D1D67 /* ImageDetailsCollectionViewCell.swift */,
				EF5AC7AC299B7B38001A8BCD /* myCollectionViewCell.swift */,
				EF5AC79F299B6349001A8BCD /* Assets.xcassets */,
				EF5AC7A1299B6349001A8BCD /* LaunchScreen.storyboard */,
				EF5AC7A4299B6349001A8BCD /* Info.plist */,
			);
			path = ImageGalleryApp;
			sourceTree = "<group>";
		};
/* End PBXGroup section */

/* Begin PBXNativeTarget section */
		EF5AC792299B6348001A8BCD /* ImageGalleryApp */ = {
			isa = PBXNativeTarget;
			buildConfigurationList = EF5AC7A7299B6349001A8BCD /* Build configuration list for PBXNativeTarget "ImageGalleryApp" */;
			buildPhases = (
				EF5AC78F299B6348001A8BCD /* Sources */,
				EF5AC790299B6348001A8BCD /* Frameworks */,
				EF5AC791299B6348001A8BCD /* Resources */,
			);
			buildRules = (
			);
			dependencies = (
			);
			name = ImageGalleryApp;
			productName = ImageGalleryApp;
			productReference = EF5AC793299B6348001A8BCD /* ImageGalleryApp.app */;
			productType = "com.apple.product-type.application";
		};
/* End PBXNativeTarget section */

/* Begin PBXProject section */
		EF5AC78B299B6348001A8BCD /* Project object */ = {
			isa = PBXProject;
			attributes = {
				BuildIndependentTargetsInParallel = 1;
				LastSwiftUpdateCheck = 1420;
				LastUpgradeCheck = 1420;
				TargetAttributes = {
					EF5AC792299B6348001A8BCD = {
						CreatedOnToolsVersion = 14.2;
					};
				};
			};
			buildConfigurationList = EF5AC78E299B6348001A8BCD /* Build configuration list for PBXProject "ImageGalleryApp" */;
			compatibilityVersion = "Xcode 14.0";
			developmentRegion = en;
			hasScannedForEncodings = 0;
			knownRegions = (
				en,
				Base,
			);
			mainGroup = EF5AC78A299B6348001A8BCD;
			productRefGroup = EF5AC794299B6348001A8BCD /* Products */;
			projectDirPath = "";
			projectRoot = "";
			targets = (
				EF5AC792299B6348001A8BCD /* ImageGalleryApp */,
			);
		};
/* End PBXProject section */

/* Begin PBXResourcesBuildPhase section */
		EF5AC791299B6348001A8BCD /* Resources */ = {
			isa = PBXResourcesBuildPhase;
			buildActionMask = 2147483647;
			files = (
				EF5AC7A3299B6349001A8BCD /* LaunchScreen.storyboard in Resources */,
				EF5AC7A0299B6349001A8BCD /* Assets.xcassets in Resources */,
				EF5AC79E299B6348001A8BCD /* Main.storyboard in Resources */,
			);
			runOnlyForDeploymentPostprocessing = 0;
		};
/* End PBXResourcesBuildPhase section */

/* Begin PBXSourcesBuildPhase section */
		EF5AC78F299B6348001A8BCD /* Sources */ = {
			isa = PBXSourcesBuildPhase;
			buildActionMask = 2147483647;
			files = (
				EF5AC79B299B6348001A8BCD /* ViewController.swift in Sources */,
				EF5AC7AD299B7B38001A8BCD /* myCollectionViewCell.swift in Sources */,
				EF05F717299C97BB008D1D67 /* ImageDetailsViewController.swift in Sources */,
				EF5AC7AB299B78C5001A8BCD /* DownloadImages.swift in Sources */,
				EF5AC797299B6348001A8BCD /* AppDelegate.swift in Sources */,
				EF5AC799299B6348001A8BCD /* SceneDelegate.swift in Sources */,
				EF05F715299C969F008D1D67 /* ImageDetailsCollectionViewCell.swift in Sources */,
			);
			runOnlyForDeploymentPostprocessing = 0;
		};
/* End PBXSourcesBuildPhase section */

/* Begin PBXVariantGroup section */
		EF5AC79C299B6348001A8BCD /* Main.storyboard */ = {
			isa = PBXVariantGroup;
			children = (
				EF5AC79D299B6348001A8BCD /* Base */,
			);
			name = Main.storyboard;
			sourceTree = "<group>";
		};
		EF5AC7A1299B6349001A8BCD /* LaunchScreen.storyboard */ = {
			isa = PBXVariantGroup;
			children = (
				EF5AC7A2299B6349001A8BCD /* Base */,
			);
			name = LaunchScreen.storyboard;
			sourceTree = "<group>";
		};
/* End PBXVariantGroup section */

/* Begin XCBuildConfiguration section */
		EF5AC7A5299B6349001A8BCD /* Debug */ = {
			isa = XCBuildConfiguration;
			buildSettings = {
				ALWAYS_SEARCH_USER_PATHS = NO;
				CLANG_ANALYZER_NONNULL = YES;
				CLANG_ANALYZER_NUMBER_OBJECT_CONVERSION = YES_AGGRESSIVE;
				CLANG_CXX_LANGUAGE_STANDARD = "gnu++20";
				CLANG_ENABLE_MODULES = YES;
				CLANG_ENABLE_OBJC_ARC = YES;
				CLANG_ENABLE_OBJC_WEAK = YES;
				CLANG_WARN_BLOCK_CAPTURE_AUTORELEASING = YES;
				CLANG_WARN_BOOL_CONVERSION = YES;
				CLANG_WARN_COMMA = YES;
				CLANG_WARN_CONSTANT_CONVERSION = YES;
				CLANG_WARN_DEPRECATED_OBJC_IMPLEMENTATIONS = YES;
				CLANG_WARN_DIRECT_OBJC_ISA_USAGE = YES_ERROR;
				CLANG_WARN_DOCUMENTATION_COMMENTS = YES;
				CLANG_WARN_EMPTY_BODY = YES;
				CLANG_WARN_ENUM_CONVERSION = YES;
				CLANG_WARN_INFINITE_RECURSION = YES;
				CLANG_WARN_INT_CONVERSION = YES;
				CLANG_WARN_NON_LITERAL_NULL_CONVERSION = YES;
				CLANG_WARN_OBJC_IMPLICIT_RETAIN_SELF = YES;
				CLANG_WARN_OBJC_LITERAL_CONVERSION = YES;
				CLANG_WARN_OBJC_ROOT_CLASS = YES_ERROR;
				CLANG_WARN_QUOTED_INCLUDE_IN_FRAMEWORK_HEADER = YES;
				CLANG_WARN_RANGE_LOOP_ANALYSIS = YES;
				CLANG_WARN_STRICT_PROTOTYPES = YES;
				CLANG_WARN_SUSPICIOUS_MOVE = YES;
				CLANG_WARN_UNGUARDED_AVAILABILITY = YES_AGGRESSIVE;
				CLANG_WARN_UNREACHABLE_CODE = YES;
				CLANG_WARN__DUPLICATE_METHOD_MATCH = YES;
				COPY_PHASE_STRIP = NO;
				DEBUG_INFORMATION_FORMAT = dwarf;
				ENABLE_STRICT_OBJC_MSGSEND = YES;
				ENABLE_TESTABILITY = YES;
				GCC_C_LANGUAGE_STANDARD = gnu11;
				GCC_DYNAMIC_NO_PIC = NO;
				GCC_NO_COMMON_BLOCKS = YES;
				GCC_OPTIMIZATION_LEVEL = 0;
				GCC_PREPROCESSOR_DEFINITIONS = (
					"DEBUG=1",
					"$(inherited)",
				);
				GCC_WARN_64_TO_32_BIT_CONVERSION = YES;
				GCC_WARN_ABOUT_RETURN_TYPE = YES_ERROR;
				GCC_WARN_UNDECLARED_SELECTOR = YES;
				GCC_WARN_UNINITIALIZED_AUTOS = YES_AGGRESSIVE;
				GCC_WARN_UNUSED_FUNCTION = YES;
				GCC_WARN_UNUSED_VARIABLE = YES;
				IPHONEOS_DEPLOYMENT_TARGET = 16.2;
				MTL_ENABLE_DEBUG_INFO = INCLUDE_SOURCE;
				MTL_FAST_MATH = YES;
				ONLY_ACTIVE_ARCH = YES;
				SDKROOT = iphoneos;
				SWIFT_ACTIVE_COMPILATION_CONDITIONS = DEBUG;
				SWIFT_OPTIMIZATION_LEVEL = "-Onone";
			};
			name = Debug;
		};
		EF5AC7A6299B6349001A8BCD /* Release */ = {
			isa = XCBuildConfiguration;
			buildSettings = {
				ALWAYS_SEARCH_USER_PATHS = NO;
				CLANG_ANALYZER_NONNULL = YES;
				CLANG_ANALYZER_NUMBER_OBJECT_CONVERSION = YES_AGGRESSIVE;
				CLANG_CXX_LANGUAGE_STANDARD = "gnu++20";
				CLANG_ENABLE_MODULES = YES;
				CLANG_ENABLE_OBJC_ARC = YES;
				CLANG_ENABLE_OBJC_WEAK = YES;
				CLANG_WARN_BLOCK_CAPTURE_AUTORELEASING = YES;
				CLANG_WARN_BOOL_CONVERSION = YES;
				CLANG_WARN_COMMA = YES;
				CLANG_WARN_CONSTANT_CONVERSION = YES;
				CLANG_WARN_DEPRECATED_OBJC_IMPLEMENTATIONS = YES;
				CLANG_WARN_DIRECT_OBJC_ISA_USAGE = YES_ERROR;
				CLANG_WARN_DOCUMENTATION_COMMENTS = YES;
				CLANG_WARN_EMPTY_BODY = YES;
				CLANG_WARN_ENUM_CONVERSION = YES;
				CLANG_WARN_INFINITE_RECURSION = YES;
				CLANG_WARN_INT_CONVERSION = YES;
				CLANG_WARN_NON_LITERAL_NULL_CONVERSION = YES;
				CLANG_WARN_OBJC_IMPLICIT_RETAIN_SELF = YES;
				CLANG_WARN_OBJC_LITERAL_CONVERSION = YES;
				CLANG_WARN_OBJC_ROOT_CLASS = YES_ERROR;
				CLANG_WARN_QUOTED_INCLUDE_IN_FRAMEWORK_HEADER = YES;
				CLANG_WARN_RANGE_LOOP_ANALYSIS = YES;
				CLANG_WARN_STRICT_PROTOTYPES = YES;
				CLANG_WARN_SUSPICIOUS_MOVE = YES;
				CLANG_WARN_UNGUARDED_AVAILABILITY = YES_AGGRESSIVE;
				CLANG_WARN_UNREACHABLE_CODE = YES;
				CLANG_WARN__DUPLICATE_METHOD_MATCH = YES;
				COPY_PHASE_STRIP = NO;
				DEBUG_INFORMATION_FORMAT = "dwarf-with-dsym";
				ENABLE_NS_ASSERTIONS = NO;
				ENABLE_STRICT_OBJC_MSGSEND = YES;
				GCC_C_LANGUAGE_STANDARD = gnu11;
				GCC_NO_COMMON_BLOCKS = YES;
				GCC_WARN_64_TO_32_BIT_CONVERSION = YES;
				GCC_WARN_ABOUT_RETURN_TYPE = YES_ERROR;
				GCC_WARN_UNDECLARED_SELECTOR = YES;
				GCC_WARN_UNINITIALIZED_AUTOS = YES_AGGRESSIVE;
				GCC_WARN_UNUSED_FUNCTION = YES;
				GCC_WARN_UNUSED_VARIABLE = YES;
				IPHONEOS_DEPLOYMENT_TARGET = 16.2;
				MTL_ENABLE_DEBUG_INFO = NO;
				MTL_FAST_MATH = YES;
				SDKROOT = iphoneos;
				SWIFT_COMPILATION_MODE = wholemodule;
				SWIFT_OPTIMIZATION_LEVEL = "-O";
				VALIDATE_PRODUCT = YES;
			};
			name = Release;
		};
		EF5AC7A8299B6349001A8BCD /* Debug */ = {
			isa = XCBuildConfiguration;
			buildSettings = {
				ASSETCATALOG_COMPILER_APPICON_NAME = AppIcon;
				ASSETCATALOG_COMPILER_GLOBAL_ACCENT_COLOR_NAME = AccentColor;
				CODE_SIGN_STYLE = Automatic;
				CURRENT_PROJECT_VERSION = 1;
				GENERATE_INFOPLIST_FILE = YES;
				INFOPLIST_FILE = ImageGalleryApp/Info.plist;
				INFOPLIST_KEY_UIApplicationSupportsIndirectInputEvents = YES;
				INFOPLIST_KEY_UILaunchStoryboardName = LaunchScreen;
				INFOPLIST_KEY_UIMainStoryboardFile = Main;
				INFOPLIST_KEY_UISupportedInterfaceOrientations_iPad = "UIInterfaceOrientationPortrait UIInterfaceOrientationPortraitUpsideDown UIInterfaceOrientationLandscapeLeft UIInterfaceOrientationLandscapeRight";
				INFOPLIST_KEY_UISupportedInterfaceOrientations_iPhone = "UIInterfaceOrientationPortrait UIInterfaceOrientationLandscapeLeft UIInterfaceOrientationLandscapeRight";
				LD_RUNPATH_SEARCH_PATHS = (
					"$(inherited)",
					"@executable_path/Frameworks",
				);
				MARKETING_VERSION = 1.0;
				PRODUCT_BUNDLE_IDENTIFIER = forloop.ImageGalleryApp;
				PRODUCT_NAME = "$(TARGET_NAME)";
				SWIFT_EMIT_LOC_STRINGS = YES;
				SWIFT_VERSION = 5.0;
				TARGETED_DEVICE_FAMILY = "1,2";
			};
			name = Debug;
		};
		EF5AC7A9299B6349001A8BCD /* Release */ = {
			isa = XCBuildConfiguration;
			buildSettings = {
				ASSETCATALOG_COMPILER_APPICON_NAME = AppIcon;
				ASSETCATALOG_COMPILER_GLOBAL_ACCENT_COLOR_NAME = AccentColor;
				CODE_SIGN_STYLE = Automatic;
				CURRENT_PROJECT_VERSION = 1;
				GENERATE_INFOPLIST_FILE = YES;
				INFOPLIST_FILE = ImageGalleryApp/Info.plist;
				INFOPLIST_KEY_UIApplicationSupportsIndirectInputEvents = YES;
				INFOPLIST_KEY_UILaunchStoryboardName = LaunchScreen;
				INFOPLIST_KEY_UIMainStoryboardFile = Main;
				INFOPLIST_KEY_UISupportedInterfaceOrientations_iPad = "UIInterfaceOrientationPortrait UIInterfaceOrientationPortraitUpsideDown UIInterfaceOrientationLandscapeLeft UIInterfaceOrientationLandscapeRight";
				INFOPLIST_KEY_UISupportedInterfaceOrientations_iPhone = "UIInterfaceOrientationPortrait UIInterfaceOrientationLandscapeLeft UIInterfaceOrientationLandscapeRight";
				LD_RUNPATH_SEARCH_PATHS = (
					"$(inherited)",
					"@executable_path/Frameworks",
				);
				MARKETING_VERSION = 1.0;
				PRODUCT_BUNDLE_IDENTIFIER = forloop.ImageGalleryApp;
				PRODUCT_NAME = "$(TARGET_NAME)";
				SWIFT_EMIT_LOC_STRINGS = YES;
				SWIFT_VERSION = 5.0;
				TARGETED_DEVICE_FAMILY = "1,2";
			};
			name = Release;
		};
/* End XCBuildConfiguration section */

/* Begin XCConfigurationList section */
		EF5AC78E299B6348001A8BCD /* Build configuration list for PBXProject "ImageGalleryApp" */ = {
			isa = XCConfigurationList;
			buildConfigurations = (
				EF5AC7A5299B6349001A8BCD /* Debug */,
				EF5AC7A6299B6349001A8BCD /* Release */,
			);
			defaultConfigurationIsVisible = 0;
			defaultConfigurationName = Release;
		};
		EF5AC7A7299B6349001A8BCD /* Build configuration list for PBXNativeTarget "ImageGalleryApp" */ = {
			isa = XCConfigurationList;
			buildConfigurations = (
				EF5AC7A8299B6349001A8BCD /* Debug */,
				EF5AC7A9299B6349001A8BCD /* Release */,
			);
			defaultConfigurationIsVisible = 0;
			defaultConfigurationName = Release;
		};
/* End XCConfigurationList section */
	};
	rootObject = EF5AC78B299B6348001A8BCD /* Project object */;
}
